
Microsoft Visual Studio Solution File, Format Version 12.00
# Visual Studio Version 17
VisualStudioVersion = 17.4.33213.308
MinimumVisualStudioVersion = 10.0.40219.1
Project("{9A19103F-16F7-4668-BE54-9A1E7A4F7556}") = "TP1", "TP1\TP1.csproj", "{FA873371-D990-4080-A2B3-7A992AB68EF6}"
EndProject
Project("{9A19103F-16F7-4668-BE54-9A1E7A4F7556}") = "HugoWorld", "TP03-HugoLand-Client_WPF\TP3\HugoWorld.csproj", "{9C7D080B-C09F-417F-90F3-036992466167}"
EndProject
Project("{FAE04EC0-301F-11D3-BF4B-00C04F79EFBC}") = "ServiceWFC_HugoWorld", "ServiceWFC_HugoWorld\ServiceWFC_HugoWorld.csproj", "{C9124EAA-EEBB-462B-97CD-2B593EB462EA}"
EndProject
Global
	GlobalSection(SolutionConfigurationPlatforms) = preSolution
		Debug|Any CPU = Debug|Any CPU
		Release|Any CPU = Release|Any CPU
	EndGlobalSection
	GlobalSection(ProjectConfigurationPlatforms) = postSolution
		{FA873371-D990-4080-A2B3-7A992AB68EF6}.Debug|Any CPU.ActiveCfg = Debug|Any CPU
		{FA873371-D990-4080-A2B3-7A992AB68EF6}.Debug|Any CPU.Build.0 = Debug|Any CPU
		{FA873371-D990-4080-A2B3-7A992AB68EF6}.Release|Any CPU.ActiveCfg = Release|Any CPU
		{FA873371-D990-4080-A2B3-7A992AB68EF6}.Release|Any CPU.Build.0 = Release|Any CPU
		{9C7D080B-C09F-417F-90F3-036992466167}.Debug|Any CPU.ActiveCfg = Debug|Any CPU
		{9C7D080B-C09F-417F-90F3-036992466167}.Debug|Any CPU.Build.0 = Debug|Any CPU
		{9C7D080B-C09F-417F-90F3-036992466167}.Release|Any CPU.ActiveCfg = Release|Any CPU
		{9C7D080B-C09F-417F-90F3-036992466167}.Release|Any CPU.Build.0 = Release|Any CPU
		{C9124EAA-EEBB-462B-97CD-2B593EB462EA}.Debug|Any CPU.ActiveCfg = Debug|Any CPU
		{C9124EAA-EEBB-462B-97CD-2B593EB462EA}.Debug|Any CPU.Build.0 = Debug|Any CPU
		{C9124EAA-EEBB-462B-97CD-2B593EB462EA}.Release|Any CPU.ActiveCfg = Release|Any CPU
		{C9124EAA-EEBB-462B-97CD-2B593EB462EA}.Release|Any CPU.Build.0 = Release|Any CPU
	EndGlobalSection
	GlobalSection(SolutionProperties) = preSolution
		HideSolutionNode = FALSE
	EndGlobalSection
	GlobalSection(ExtensibilityGlobals) = postSolution
		SolutionGuid = {65AF0A41-E352-4F03-A6D4-84C9AC3390F6}
	EndGlobalSection
EndGlobal
